
Microsoft Visual Studio Solution File, Format Version 12.00
# Visual Studio 15
VisualStudioVersion = 15.0.26730.12
MinimumVisualStudioVersion = 10.0.40219.1
Project("{9A19103F-16F7-4668-BE54-9A1E7A4F7556}") = "OneOf.Tests", "OneOf.Tests\OneOf.Tests.csproj", "{82023ED0-3E20-43CF-ACA1-1EA547E70903}"
	ProjectSection(ProjectDependencies) = postProject
		{21D0DD1E-D38A-4A76-B2B3-4CEF11B2C6CB} = {21D0DD1E-D38A-4A76-B2B3-4CEF11B2C6CB}
	EndProjectSection
EndProject
Project("{9A19103F-16F7-4668-BE54-9A1E7A4F7556}") = "OneOf", "OneOf\OneOf.csproj", "{21D0DD1E-D38A-4A76-B2B3-4CEF11B2C6CB}"
EndProject
Project("{6EC3EE1D-3C4E-46DD-8F32-0CC8E7565705}") = "OneOf.FSharp", "OneOf.FSharp\OneOf.FSharp.fsproj", "{26D54D37-8692-4E2A-9043-D2FFCBF5A816}"
EndProject
Global
	GlobalSection(SolutionConfigurationPlatforms) = preSolution
		Debug|Any CPU = Debug|Any CPU
		Release|Any CPU = Release|Any CPU
	EndGlobalSection
	GlobalSection(ProjectConfigurationPlatforms) = postSolution
		{82023ED0-3E20-43CF-ACA1-1EA547E70903}.Debug|Any CPU.ActiveCfg = Debug|Any CPU
		{82023ED0-3E20-43CF-ACA1-1EA547E70903}.Debug|Any CPU.Build.0 = Debug|Any CPU
		{82023ED0-3E20-43CF-ACA1-1EA547E70903}.Release|Any CPU.ActiveCfg = Release|Any CPU
		{82023ED0-3E20-43CF-ACA1-1EA547E70903}.Release|Any CPU.Build.0 = Release|Any CPU
		{21D0DD1E-D38A-4A76-B2B3-4CEF11B2C6CB}.Debug|Any CPU.ActiveCfg = Debug|Any CPU
		{21D0DD1E-D38A-4A76-B2B3-4CEF11B2C6CB}.Debug|Any CPU.Build.0 = Debug|Any CPU
		{21D0DD1E-D38A-4A76-B2B3-4CEF11B2C6CB}.Release|Any CPU.ActiveCfg = Release|Any CPU
		{21D0DD1E-D38A-4A76-B2B3-4CEF11B2C6CB}.Release|Any CPU.Build.0 = Release|Any CPU
		{26D54D37-8692-4E2A-9043-D2FFCBF5A816}.Debug|Any CPU.ActiveCfg = Debug|Any CPU
		{26D54D37-8692-4E2A-9043-D2FFCBF5A816}.Debug|Any CPU.Build.0 = Debug|Any CPU
		{26D54D37-8692-4E2A-9043-D2FFCBF5A816}.Release|Any CPU.ActiveCfg = Release|Any CPU
		{26D54D37-8692-4E2A-9043-D2FFCBF5A816}.Release|Any CPU.Build.0 = Release|Any CPU
	EndGlobalSection
	GlobalSection(SolutionProperties) = preSolution
		HideSolutionNode = FALSE
	EndGlobalSection
	GlobalSection(ExtensibilityGlobals) = postSolution
		SolutionGuid = {10E10950-5AD9-4F2C-8174-E0F810680317}
	EndGlobalSection
EndGlobal
