
Microsoft Visual Studio Solution File, Format Version 12.00
# Visual Studio Version 17
VisualStudioVersion = 17.3.32611.2
MinimumVisualStudioVersion = 10.0.40219.1
Project("{9A19103F-16F7-4668-BE54-9A1E7A4F7556}") = "OneOf.Tests", "OneOf.Tests\OneOf.Tests.csproj", "{82023ED0-3E20-43CF-ACA1-1EA547E70903}"
	ProjectSection(ProjectDependencies) = postProject
		{21D0DD1E-D38A-4A76-B2B3-4CEF11B2C6CB} = {21D0DD1E-D38A-4A76-B2B3-4CEF11B2C6CB}
	EndProjectSection
EndProject
Project("{9A19103F-16F7-4668-BE54-9A1E7A4F7556}") = "OneOf", "OneOf\OneOf.csproj", "{21D0DD1E-D38A-4A76-B2B3-4CEF11B2C6CB}"
EndProject
Project("{6EC3EE1D-3C4E-46DD-8F32-0CC8E7565705}") = "OneOf.FSharp", "OneOf.FSharp\OneOf.FSharp.fsproj", "{26D54D37-8692-4E2A-9043-D2FFCBF5A816}"
EndProject
Project("{9A19103F-16F7-4668-BE54-9A1E7A4F7556}") = "OneOf.Extended", "OneOf.Extended\OneOf.Extended.csproj", "{FB8845F4-51F1-407A-8E10-2A0B892E17FB}"
EndProject
Project("{9A19103F-16F7-4668-BE54-9A1E7A4F7556}") = "Generator", "Generator\Generator.csproj", "{508CDAF6-E780-459E-BD8F-776A5EE2C2FF}"
EndProject
Project("{9A19103F-16F7-4668-BE54-9A1E7A4F7556}") = "OneOf.SourceGenerator", "OneOf.SourceGenerator\OneOf.SourceGenerator.csproj", "{AC54E93D-1DB2-4143-A1AF-3CE2492EAC83}"
EndProject
Project("{9A19103F-16F7-4668-BE54-9A1E7A4F7556}") = "OneOf.SourceGenerator.Tests", "OneOf.SourceGenerator.Tests\OneOf.SourceGenerator.Tests.csproj", "{A7D18F0E-8966-4685-8146-34F507356F5D}"
EndProject
Project("{9A19103F-16F7-4668-BE54-9A1E7A4F7556}") = "OneOf.SourceGenerator.AnalyzerTests", "OneOf.SourceGenerator.AnalyzerTests\OneOf.SourceGenerator.AnalyzerTests.csproj", "{C08F270E-157A-48B9-A7B6-C948FCFC5494}"
EndProject
Project("{2150E333-8FDC-42A3-9474-1A3956D46DE8}") = "Solution Items", "Solution Items", "{DE277A67-AD12-4F46-B605-45622A0F4BE1}"
	ProjectSection(SolutionItems) = preProject
		README.md = README.md
	EndProjectSection
EndProject
Global
	GlobalSection(SolutionConfigurationPlatforms) = preSolution
		Debug|Any CPU = Debug|Any CPU
		Release|Any CPU = Release|Any CPU
	EndGlobalSection
	GlobalSection(ProjectConfigurationPlatforms) = postSolution
		{82023ED0-3E20-43CF-ACA1-1EA547E70903}.Debug|Any CPU.ActiveCfg = Debug|Any CPU
		{82023ED0-3E20-43CF-ACA1-1EA547E70903}.Debug|Any CPU.Build.0 = Debug|Any CPU
		{82023ED0-3E20-43CF-ACA1-1EA547E70903}.Release|Any CPU.ActiveCfg = Release|Any CPU
		{82023ED0-3E20-43CF-ACA1-1EA547E70903}.Release|Any CPU.Build.0 = Release|Any CPU
		{21D0DD1E-D38A-4A76-B2B3-4CEF11B2C6CB}.Debug|Any CPU.ActiveCfg = Debug|Any CPU
		{21D0DD1E-D38A-4A76-B2B3-4CEF11B2C6CB}.Debug|Any CPU.Build.0 = Debug|Any CPU
		{21D0DD1E-D38A-4A76-B2B3-4CEF11B2C6CB}.Release|Any CPU.ActiveCfg = Release|Any CPU
		{21D0DD1E-D38A-4A76-B2B3-4CEF11B2C6CB}.Release|Any CPU.Build.0 = Release|Any CPU
		{26D54D37-8692-4E2A-9043-D2FFCBF5A816}.Debug|Any CPU.ActiveCfg = Debug|Any CPU
		{26D54D37-8692-4E2A-9043-D2FFCBF5A816}.Debug|Any CPU.Build.0 = Debug|Any CPU
		{26D54D37-8692-4E2A-9043-D2FFCBF5A816}.Release|Any CPU.ActiveCfg = Release|Any CPU
		{26D54D37-8692-4E2A-9043-D2FFCBF5A816}.Release|Any CPU.Build.0 = Release|Any CPU
		{FB8845F4-51F1-407A-8E10-2A0B892E17FB}.Debug|Any CPU.ActiveCfg = Debug|Any CPU
		{FB8845F4-51F1-407A-8E10-2A0B892E17FB}.Debug|Any CPU.Build.0 = Debug|Any CPU
		{FB8845F4-51F1-407A-8E10-2A0B892E17FB}.Release|Any CPU.ActiveCfg = Release|Any CPU
		{FB8845F4-51F1-407A-8E10-2A0B892E17FB}.Release|Any CPU.Build.0 = Release|Any CPU
		{508CDAF6-E780-459E-BD8F-776A5EE2C2FF}.Debug|Any CPU.ActiveCfg = Debug|Any CPU
		{508CDAF6-E780-459E-BD8F-776A5EE2C2FF}.Debug|Any CPU.Build.0 = Debug|Any CPU
		{508CDAF6-E780-459E-BD8F-776A5EE2C2FF}.Release|Any CPU.ActiveCfg = Release|Any CPU
		{508CDAF6-E780-459E-BD8F-776A5EE2C2FF}.Release|Any CPU.Build.0 = Release|Any CPU
		{AC54E93D-1DB2-4143-A1AF-3CE2492EAC83}.Debug|Any CPU.ActiveCfg = Debug|Any CPU
		{AC54E93D-1DB2-4143-A1AF-3CE2492EAC83}.Debug|Any CPU.Build.0 = Debug|Any CPU
		{AC54E93D-1DB2-4143-A1AF-3CE2492EAC83}.Release|Any CPU.ActiveCfg = Release|Any CPU
		{AC54E93D-1DB2-4143-A1AF-3CE2492EAC83}.Release|Any CPU.Build.0 = Release|Any CPU
		{A7D18F0E-8966-4685-8146-34F507356F5D}.Debug|Any CPU.ActiveCfg = Debug|Any CPU
		{A7D18F0E-8966-4685-8146-34F507356F5D}.Debug|Any CPU.Build.0 = Debug|Any CPU
		{A7D18F0E-8966-4685-8146-34F507356F5D}.Release|Any CPU.ActiveCfg = Release|Any CPU
		{A7D18F0E-8966-4685-8146-34F507356F5D}.Release|Any CPU.Build.0 = Release|Any CPU
		{C08F270E-157A-48B9-A7B6-C948FCFC5494}.Debug|Any CPU.ActiveCfg = Debug|Any CPU
		{C08F270E-157A-48B9-A7B6-C948FCFC5494}.Debug|Any CPU.Build.0 = Debug|Any CPU
		{C08F270E-157A-48B9-A7B6-C948FCFC5494}.Release|Any CPU.ActiveCfg = Release|Any CPU
		{C08F270E-157A-48B9-A7B6-C948FCFC5494}.Release|Any CPU.Build.0 = Release|Any CPU
	EndGlobalSection
	GlobalSection(SolutionProperties) = preSolution
		HideSolutionNode = FALSE
	EndGlobalSection
	GlobalSection(ExtensibilityGlobals) = postSolution
		SolutionGuid = {10E10950-5AD9-4F2C-8174-E0F810680317}
	EndGlobalSection
EndGlobal
